
Microsoft Visual Studio Solution File, Format Version 12.00
# Visual Studio Version 16
VisualStudioVersion = 16.0.30523.141
MinimumVisualStudioVersion = 10.0.40219.1
Project("{9A19103F-16F7-4668-BE54-9A1E7A4F7556}") = "InterparkingTestChess", "InterparkingTestChess\InterparkingTestChess.csproj", "{BD0A6403-94E9-4EA4-A682-E278465AC059}"
EndProject
Project("{9A19103F-16F7-4668-BE54-9A1E7A4F7556}") = "Tests", "Tests\Tests.csproj", "{B6908A35-3B2C-43F9-952E-BA7A8DCAECCA}"
EndProject
Project("{2150E333-8FDC-42A3-9474-1A3956D46DE8}") = "Solution Items", "Solution Items", "{3B1C9CB3-3F58-4335-9EAE-EC2BD56DFF65}"
	ProjectSection(SolutionItems) = preProject
		README.md = README.md
		test-description.pdf = test-description.pdf
	EndProjectSection
EndProject
Global
	GlobalSection(SolutionConfigurationPlatforms) = preSolution
		Debug|Any CPU = Debug|Any CPU
		Release|Any CPU = Release|Any CPU
	EndGlobalSection
	GlobalSection(ProjectConfigurationPlatforms) = postSolution
		{BD0A6403-94E9-4EA4-A682-E278465AC059}.Debug|Any CPU.ActiveCfg = Debug|Any CPU
		{BD0A6403-94E9-4EA4-A682-E278465AC059}.Debug|Any CPU.Build.0 = Debug|Any CPU
		{BD0A6403-94E9-4EA4-A682-E278465AC059}.Release|Any CPU.ActiveCfg = Release|Any CPU
		{BD0A6403-94E9-4EA4-A682-E278465AC059}.Release|Any CPU.Build.0 = Release|Any CPU
		{B6908A35-3B2C-43F9-952E-BA7A8DCAECCA}.Debug|Any CPU.ActiveCfg = Debug|Any CPU
		{B6908A35-3B2C-43F9-952E-BA7A8DCAECCA}.Debug|Any CPU.Build.0 = Debug|Any CPU
		{B6908A35-3B2C-43F9-952E-BA7A8DCAECCA}.Release|Any CPU.ActiveCfg = Release|Any CPU
		{B6908A35-3B2C-43F9-952E-BA7A8DCAECCA}.Release|Any CPU.Build.0 = Release|Any CPU
	EndGlobalSection
	GlobalSection(SolutionProperties) = preSolution
		HideSolutionNode = FALSE
	EndGlobalSection
	GlobalSection(ExtensibilityGlobals) = postSolution
		SolutionGuid = {9A2D84C8-10AA-4D93-927A-D6E971264DCC}
	EndGlobalSection
EndGlobal
